
Microsoft Visual Studio Solution File, Format Version 12.00
# Visual Studio Version 16
VisualStudioVersion = 16.0.30804.86
MinimumVisualStudioVersion = 10.0.40219.1
Project("{9A19103F-16F7-4668-BE54-9A1E7A4F7556}") = "Loteria", "Loteria.csproj", "{CBD76F7D-3849-4FD4-AC74-16A0AA74F185}"
EndProject
Global
	GlobalSection(SolutionConfigurationPlatforms) = preSolution
		Debug|Any CPU = Debug|Any CPU
		Release|Any CPU = Release|Any CPU
	EndGlobalSection
	GlobalSection(ProjectConfigurationPlatforms) = postSolution
		{CBD76F7D-3849-4FD4-AC74-16A0AA74F185}.Debug|Any CPU.ActiveCfg = Debug|Any CPU
		{CBD76F7D-3849-4FD4-AC74-16A0AA74F185}.Debug|Any CPU.Build.0 = Debug|Any CPU
		{CBD76F7D-3849-4FD4-AC74-16A0AA74F185}.Release|Any CPU.ActiveCfg = Release|Any CPU
		{CBD76F7D-3849-4FD4-AC74-16A0AA74F185}.Release|Any CPU.Build.0 = Release|Any CPU
	EndGlobalSection
	GlobalSection(SolutionProperties) = preSolution
		HideSolutionNode = FALSE
	EndGlobalSection
	GlobalSection(ExtensibilityGlobals) = postSolution
		SolutionGuid = {84A28AA1-0B9A-4A30-999E-0AA54AAFE7AB}
	EndGlobalSection
EndGlobal
